
Microsoft Visual Studio Solution File, Format Version 12.00
# Visual Studio Version 17
VisualStudioVersion = 17.2.32630.192
MinimumVisualStudioVersion = 10.0.40219.1
Project("{FAE04EC0-301F-11D3-BF4B-00C04F79EFBC}") = "Problema 1042-2", "Problema 1042-2.csproj", "{8DF359DE-C762-4B39-B62D-4E665BFF7A5D}"
EndProject
Global
	GlobalSection(SolutionConfigurationPlatforms) = preSolution
		Debug|Any CPU = Debug|Any CPU
		Release|Any CPU = Release|Any CPU
	EndGlobalSection
	GlobalSection(ProjectConfigurationPlatforms) = postSolution
		{8DF359DE-C762-4B39-B62D-4E665BFF7A5D}.Debug|Any CPU.ActiveCfg = Debug|Any CPU
		{8DF359DE-C762-4B39-B62D-4E665BFF7A5D}.Debug|Any CPU.Build.0 = Debug|Any CPU
		{8DF359DE-C762-4B39-B62D-4E665BFF7A5D}.Release|Any CPU.ActiveCfg = Release|Any CPU
		{8DF359DE-C762-4B39-B62D-4E665BFF7A5D}.Release|Any CPU.Build.0 = Release|Any CPU
	EndGlobalSection
	GlobalSection(SolutionProperties) = preSolution
		HideSolutionNode = FALSE
	EndGlobalSection
	GlobalSection(ExtensibilityGlobals) = postSolution
		SolutionGuid = {DCAE8428-498D-4DB4-8702-D514223CB529}
	EndGlobalSection
EndGlobal
