
Microsoft Visual Studio Solution File, Format Version 12.00
# Visual Studio Version 17
VisualStudioVersion = 17.2.32630.192
MinimumVisualStudioVersion = 10.0.40219.1
Project("{FAE04EC0-301F-11D3-BF4B-00C04F79EFBC}") = "Problema 1924", "Problema 1924.csproj", "{A64A3E92-49AD-4AD5-8832-2E17C846DC0C}"
EndProject
Global
	GlobalSection(SolutionConfigurationPlatforms) = preSolution
		Debug|Any CPU = Debug|Any CPU
		Release|Any CPU = Release|Any CPU
	EndGlobalSection
	GlobalSection(ProjectConfigurationPlatforms) = postSolution
		{A64A3E92-49AD-4AD5-8832-2E17C846DC0C}.Debug|Any CPU.ActiveCfg = Debug|Any CPU
		{A64A3E92-49AD-4AD5-8832-2E17C846DC0C}.Debug|Any CPU.Build.0 = Debug|Any CPU
		{A64A3E92-49AD-4AD5-8832-2E17C846DC0C}.Release|Any CPU.ActiveCfg = Release|Any CPU
		{A64A3E92-49AD-4AD5-8832-2E17C846DC0C}.Release|Any CPU.Build.0 = Release|Any CPU
	EndGlobalSection
	GlobalSection(SolutionProperties) = preSolution
		HideSolutionNode = FALSE
	EndGlobalSection
	GlobalSection(ExtensibilityGlobals) = postSolution
		SolutionGuid = {B97DA9E3-3344-4A00-AA50-84044C4E1B3F}
	EndGlobalSection
EndGlobal
