
Microsoft Visual Studio Solution File, Format Version 12.00
# Visual Studio Version 17
VisualStudioVersion = 17.4.33122.133
MinimumVisualStudioVersion = 10.0.40219.1
Project("{FAE04EC0-301F-11D3-BF4B-00C04F79EFBC}") = "Leet Code - Median of Two Sorted Array", "Leet Code - Median of Two Sorted Array.csproj", "{0AA2EE70-0863-447F-9C64-78EBEBDEE408}"
EndProject
Global
	GlobalSection(SolutionConfigurationPlatforms) = preSolution
		Debug|Any CPU = Debug|Any CPU
		Release|Any CPU = Release|Any CPU
	EndGlobalSection
	GlobalSection(ProjectConfigurationPlatforms) = postSolution
		{0AA2EE70-0863-447F-9C64-78EBEBDEE408}.Debug|Any CPU.ActiveCfg = Debug|Any CPU
		{0AA2EE70-0863-447F-9C64-78EBEBDEE408}.Debug|Any CPU.Build.0 = Debug|Any CPU
		{0AA2EE70-0863-447F-9C64-78EBEBDEE408}.Release|Any CPU.ActiveCfg = Release|Any CPU
		{0AA2EE70-0863-447F-9C64-78EBEBDEE408}.Release|Any CPU.Build.0 = Release|Any CPU
	EndGlobalSection
	GlobalSection(SolutionProperties) = preSolution
		HideSolutionNode = FALSE
	EndGlobalSection
	GlobalSection(ExtensibilityGlobals) = postSolution
		SolutionGuid = {7DAFF0BC-031B-4576-B77D-3FF351AE7CCA}
	EndGlobalSection
EndGlobal
