
Microsoft Visual Studio Solution File, Format Version 12.00
# Visual Studio Version 17
VisualStudioVersion = 17.2.32630.192
MinimumVisualStudioVersion = 10.0.40219.1
Project("{FAE04EC0-301F-11D3-BF4B-00C04F79EFBC}") = "Problema 1044", "Problema 1044.csproj", "{119C4333-2530-46EB-BF5F-C12242D5B131}"
EndProject
Global
	GlobalSection(SolutionConfigurationPlatforms) = preSolution
		Debug|Any CPU = Debug|Any CPU
		Release|Any CPU = Release|Any CPU
	EndGlobalSection
	GlobalSection(ProjectConfigurationPlatforms) = postSolution
		{119C4333-2530-46EB-BF5F-C12242D5B131}.Debug|Any CPU.ActiveCfg = Debug|Any CPU
		{119C4333-2530-46EB-BF5F-C12242D5B131}.Debug|Any CPU.Build.0 = Debug|Any CPU
		{119C4333-2530-46EB-BF5F-C12242D5B131}.Release|Any CPU.ActiveCfg = Release|Any CPU
		{119C4333-2530-46EB-BF5F-C12242D5B131}.Release|Any CPU.Build.0 = Release|Any CPU
	EndGlobalSection
	GlobalSection(SolutionProperties) = preSolution
		HideSolutionNode = FALSE
	EndGlobalSection
	GlobalSection(ExtensibilityGlobals) = postSolution
		SolutionGuid = {93BB92A7-4701-47D5-B96E-A5B8F40E3695}
	EndGlobalSection
EndGlobal
