
Microsoft Visual Studio Solution File, Format Version 12.00
# Visual Studio Version 17
VisualStudioVersion = 17.2.32630.192
MinimumVisualStudioVersion = 10.0.40219.1
Project("{FAE04EC0-301F-11D3-BF4B-00C04F79EFBC}") = "LeetCode - Roman to Interger", "LeetCode - Roman to Interger.csproj", "{B875ED09-0193-4CCC-89EE-3359496887BB}"
EndProject
Global
	GlobalSection(SolutionConfigurationPlatforms) = preSolution
		Debug|Any CPU = Debug|Any CPU
		Release|Any CPU = Release|Any CPU
	EndGlobalSection
	GlobalSection(ProjectConfigurationPlatforms) = postSolution
		{B875ED09-0193-4CCC-89EE-3359496887BB}.Debug|Any CPU.ActiveCfg = Debug|Any CPU
		{B875ED09-0193-4CCC-89EE-3359496887BB}.Debug|Any CPU.Build.0 = Debug|Any CPU
		{B875ED09-0193-4CCC-89EE-3359496887BB}.Release|Any CPU.ActiveCfg = Release|Any CPU
		{B875ED09-0193-4CCC-89EE-3359496887BB}.Release|Any CPU.Build.0 = Release|Any CPU
	EndGlobalSection
	GlobalSection(SolutionProperties) = preSolution
		HideSolutionNode = FALSE
	EndGlobalSection
	GlobalSection(ExtensibilityGlobals) = postSolution
		SolutionGuid = {C006856B-A2E6-42B2-BF34-F47ACFA4DDCE}
	EndGlobalSection
EndGlobal
