
Microsoft Visual Studio Solution File, Format Version 12.00
# Visual Studio Version 17
VisualStudioVersion = 17.2.32519.379
MinimumVisualStudioVersion = 10.0.40219.1
Project("{FAE04EC0-301F-11D3-BF4B-00C04F79EFBC}") = "Problema 1080-2", "Problema 1080-2.csproj", "{388CE423-D765-4329-BBC2-BD2785F69E58}"
EndProject
Global
	GlobalSection(SolutionConfigurationPlatforms) = preSolution
		Debug|Any CPU = Debug|Any CPU
		Release|Any CPU = Release|Any CPU
	EndGlobalSection
	GlobalSection(ProjectConfigurationPlatforms) = postSolution
		{388CE423-D765-4329-BBC2-BD2785F69E58}.Debug|Any CPU.ActiveCfg = Debug|Any CPU
		{388CE423-D765-4329-BBC2-BD2785F69E58}.Debug|Any CPU.Build.0 = Debug|Any CPU
		{388CE423-D765-4329-BBC2-BD2785F69E58}.Release|Any CPU.ActiveCfg = Release|Any CPU
		{388CE423-D765-4329-BBC2-BD2785F69E58}.Release|Any CPU.Build.0 = Release|Any CPU
	EndGlobalSection
	GlobalSection(SolutionProperties) = preSolution
		HideSolutionNode = FALSE
	EndGlobalSection
	GlobalSection(ExtensibilityGlobals) = postSolution
		SolutionGuid = {007E0879-7C2D-41D2-B7D0-1A84182E7DDF}
	EndGlobalSection
EndGlobal
