
Microsoft Visual Studio Solution File, Format Version 12.00
# Visual Studio Version 17
VisualStudioVersion = 17.2.32630.192
MinimumVisualStudioVersion = 10.0.40219.1
Project("{FAE04EC0-301F-11D3-BF4B-00C04F79EFBC}") = "Problema 2747", "Problema 2747.csproj", "{C82C2039-09F4-4DE7-B934-AB2CA28ED109}"
EndProject
Global
	GlobalSection(SolutionConfigurationPlatforms) = preSolution
		Debug|Any CPU = Debug|Any CPU
		Release|Any CPU = Release|Any CPU
	EndGlobalSection
	GlobalSection(ProjectConfigurationPlatforms) = postSolution
		{C82C2039-09F4-4DE7-B934-AB2CA28ED109}.Debug|Any CPU.ActiveCfg = Debug|Any CPU
		{C82C2039-09F4-4DE7-B934-AB2CA28ED109}.Debug|Any CPU.Build.0 = Debug|Any CPU
		{C82C2039-09F4-4DE7-B934-AB2CA28ED109}.Release|Any CPU.ActiveCfg = Release|Any CPU
		{C82C2039-09F4-4DE7-B934-AB2CA28ED109}.Release|Any CPU.Build.0 = Release|Any CPU
	EndGlobalSection
	GlobalSection(SolutionProperties) = preSolution
		HideSolutionNode = FALSE
	EndGlobalSection
	GlobalSection(ExtensibilityGlobals) = postSolution
		SolutionGuid = {E47646C8-BAB1-41D8-A7AC-9B629B5698C0}
	EndGlobalSection
EndGlobal
