
Microsoft Visual Studio Solution File, Format Version 12.00
# Visual Studio Version 17
VisualStudioVersion = 17.2.32630.192
MinimumVisualStudioVersion = 10.0.40219.1
Project("{FAE04EC0-301F-11D3-BF4B-00C04F79EFBC}") = "Problema 1387", "Problema 1387.csproj", "{527BA2A9-ABC1-445B-BF21-DFFA1B5457BC}"
EndProject
Global
	GlobalSection(SolutionConfigurationPlatforms) = preSolution
		Debug|Any CPU = Debug|Any CPU
		Release|Any CPU = Release|Any CPU
	EndGlobalSection
	GlobalSection(ProjectConfigurationPlatforms) = postSolution
		{527BA2A9-ABC1-445B-BF21-DFFA1B5457BC}.Debug|Any CPU.ActiveCfg = Debug|Any CPU
		{527BA2A9-ABC1-445B-BF21-DFFA1B5457BC}.Debug|Any CPU.Build.0 = Debug|Any CPU
		{527BA2A9-ABC1-445B-BF21-DFFA1B5457BC}.Release|Any CPU.ActiveCfg = Release|Any CPU
		{527BA2A9-ABC1-445B-BF21-DFFA1B5457BC}.Release|Any CPU.Build.0 = Release|Any CPU
	EndGlobalSection
	GlobalSection(SolutionProperties) = preSolution
		HideSolutionNode = FALSE
	EndGlobalSection
	GlobalSection(ExtensibilityGlobals) = postSolution
		SolutionGuid = {D8957B7A-ECE6-4FDD-9F5D-6DFCBB7AE052}
	EndGlobalSection
EndGlobal
