
Microsoft Visual Studio Solution File, Format Version 12.00
# Visual Studio Version 17
VisualStudioVersion = 17.4.33122.133
MinimumVisualStudioVersion = 10.0.40219.1
Project("{FAE04EC0-301F-11D3-BF4B-00C04F79EFBC}") = "Leet Code - Remove Element", "Leet Code - Remove Element.csproj", "{5A4EEC09-7259-46E7-B455-89E1E86882C8}"
EndProject
Global
	GlobalSection(SolutionConfigurationPlatforms) = preSolution
		Debug|Any CPU = Debug|Any CPU
		Release|Any CPU = Release|Any CPU
	EndGlobalSection
	GlobalSection(ProjectConfigurationPlatforms) = postSolution
		{5A4EEC09-7259-46E7-B455-89E1E86882C8}.Debug|Any CPU.ActiveCfg = Debug|Any CPU
		{5A4EEC09-7259-46E7-B455-89E1E86882C8}.Debug|Any CPU.Build.0 = Debug|Any CPU
		{5A4EEC09-7259-46E7-B455-89E1E86882C8}.Release|Any CPU.ActiveCfg = Release|Any CPU
		{5A4EEC09-7259-46E7-B455-89E1E86882C8}.Release|Any CPU.Build.0 = Release|Any CPU
	EndGlobalSection
	GlobalSection(SolutionProperties) = preSolution
		HideSolutionNode = FALSE
	EndGlobalSection
	GlobalSection(ExtensibilityGlobals) = postSolution
		SolutionGuid = {5A74E315-C09E-4AFD-93EA-79EEE97F278F}
	EndGlobalSection
EndGlobal
