
Microsoft Visual Studio Solution File, Format Version 12.00
# Visual Studio Version 17
VisualStudioVersion = 17.2.32630.192
MinimumVisualStudioVersion = 10.0.40219.1
Project("{FAE04EC0-301F-11D3-BF4B-00C04F79EFBC}") = "Problema 1113", "Problema 1113.csproj", "{7A9C6FB5-D57A-422B-BFFB-E23A4E416ED1}"
EndProject
Global
	GlobalSection(SolutionConfigurationPlatforms) = preSolution
		Debug|Any CPU = Debug|Any CPU
		Release|Any CPU = Release|Any CPU
	EndGlobalSection
	GlobalSection(ProjectConfigurationPlatforms) = postSolution
		{7A9C6FB5-D57A-422B-BFFB-E23A4E416ED1}.Debug|Any CPU.ActiveCfg = Debug|Any CPU
		{7A9C6FB5-D57A-422B-BFFB-E23A4E416ED1}.Debug|Any CPU.Build.0 = Debug|Any CPU
		{7A9C6FB5-D57A-422B-BFFB-E23A4E416ED1}.Release|Any CPU.ActiveCfg = Release|Any CPU
		{7A9C6FB5-D57A-422B-BFFB-E23A4E416ED1}.Release|Any CPU.Build.0 = Release|Any CPU
	EndGlobalSection
	GlobalSection(SolutionProperties) = preSolution
		HideSolutionNode = FALSE
	EndGlobalSection
	GlobalSection(ExtensibilityGlobals) = postSolution
		SolutionGuid = {12CD027F-D65D-48A6-9995-A80026FB0ED8}
	EndGlobalSection
EndGlobal
