
Microsoft Visual Studio Solution File, Format Version 12.00
# Visual Studio Version 17
VisualStudioVersion = 17.2.32630.192
MinimumVisualStudioVersion = 10.0.40219.1
Project("{FAE04EC0-301F-11D3-BF4B-00C04F79EFBC}") = "CodeWars - String repeat", "CodeWars - String repeat.csproj", "{796309D1-0C03-4629-A6FF-DC8434186BB5}"
EndProject
Global
	GlobalSection(SolutionConfigurationPlatforms) = preSolution
		Debug|Any CPU = Debug|Any CPU
		Release|Any CPU = Release|Any CPU
	EndGlobalSection
	GlobalSection(ProjectConfigurationPlatforms) = postSolution
		{796309D1-0C03-4629-A6FF-DC8434186BB5}.Debug|Any CPU.ActiveCfg = Debug|Any CPU
		{796309D1-0C03-4629-A6FF-DC8434186BB5}.Debug|Any CPU.Build.0 = Debug|Any CPU
		{796309D1-0C03-4629-A6FF-DC8434186BB5}.Release|Any CPU.ActiveCfg = Release|Any CPU
		{796309D1-0C03-4629-A6FF-DC8434186BB5}.Release|Any CPU.Build.0 = Release|Any CPU
	EndGlobalSection
	GlobalSection(SolutionProperties) = preSolution
		HideSolutionNode = FALSE
	EndGlobalSection
	GlobalSection(ExtensibilityGlobals) = postSolution
		SolutionGuid = {7403F3CA-7ABC-44F6-AA58-B0BFE687D470}
	EndGlobalSection
EndGlobal
