
Microsoft Visual Studio Solution File, Format Version 12.00
# Visual Studio Version 17
VisualStudioVersion = 17.2.32630.192
MinimumVisualStudioVersion = 10.0.40219.1
Project("{FAE04EC0-301F-11D3-BF4B-00C04F79EFBC}") = "Problema 1114", "Problema 1114.csproj", "{09B60881-EE9D-4AC6-8744-4C1AE018C02D}"
EndProject
Global
	GlobalSection(SolutionConfigurationPlatforms) = preSolution
		Debug|Any CPU = Debug|Any CPU
		Release|Any CPU = Release|Any CPU
	EndGlobalSection
	GlobalSection(ProjectConfigurationPlatforms) = postSolution
		{09B60881-EE9D-4AC6-8744-4C1AE018C02D}.Debug|Any CPU.ActiveCfg = Debug|Any CPU
		{09B60881-EE9D-4AC6-8744-4C1AE018C02D}.Debug|Any CPU.Build.0 = Debug|Any CPU
		{09B60881-EE9D-4AC6-8744-4C1AE018C02D}.Release|Any CPU.ActiveCfg = Release|Any CPU
		{09B60881-EE9D-4AC6-8744-4C1AE018C02D}.Release|Any CPU.Build.0 = Release|Any CPU
	EndGlobalSection
	GlobalSection(SolutionProperties) = preSolution
		HideSolutionNode = FALSE
	EndGlobalSection
	GlobalSection(ExtensibilityGlobals) = postSolution
		SolutionGuid = {ED9319DD-3339-4C56-9751-24DFA0A21D1F}
	EndGlobalSection
EndGlobal
