
Microsoft Visual Studio Solution File, Format Version 12.00
# Visual Studio Version 17
VisualStudioVersion = 17.2.32630.192
MinimumVisualStudioVersion = 10.0.40219.1
Project("{FAE04EC0-301F-11D3-BF4B-00C04F79EFBC}") = "Problema 2483", "Problema 2483.csproj", "{0F2D153F-AE67-4B78-9BF9-287B7A6AF6F2}"
EndProject
Global
	GlobalSection(SolutionConfigurationPlatforms) = preSolution
		Debug|Any CPU = Debug|Any CPU
		Release|Any CPU = Release|Any CPU
	EndGlobalSection
	GlobalSection(ProjectConfigurationPlatforms) = postSolution
		{0F2D153F-AE67-4B78-9BF9-287B7A6AF6F2}.Debug|Any CPU.ActiveCfg = Debug|Any CPU
		{0F2D153F-AE67-4B78-9BF9-287B7A6AF6F2}.Debug|Any CPU.Build.0 = Debug|Any CPU
		{0F2D153F-AE67-4B78-9BF9-287B7A6AF6F2}.Release|Any CPU.ActiveCfg = Release|Any CPU
		{0F2D153F-AE67-4B78-9BF9-287B7A6AF6F2}.Release|Any CPU.Build.0 = Release|Any CPU
	EndGlobalSection
	GlobalSection(SolutionProperties) = preSolution
		HideSolutionNode = FALSE
	EndGlobalSection
	GlobalSection(ExtensibilityGlobals) = postSolution
		SolutionGuid = {A0819503-E607-494F-AA05-69E0406B498F}
	EndGlobalSection
EndGlobal
