
Microsoft Visual Studio Solution File, Format Version 12.00
# Visual Studio Version 17
VisualStudioVersion = 17.2.32630.192
MinimumVisualStudioVersion = 10.0.40219.1
Project("{FAE04EC0-301F-11D3-BF4B-00C04F79EFBC}") = "Problema 1016-2", "Problema 1016-2.csproj", "{D93FEDD2-43E1-4EB7-8043-E40E81D7182C}"
EndProject
Global
	GlobalSection(SolutionConfigurationPlatforms) = preSolution
		Debug|Any CPU = Debug|Any CPU
		Release|Any CPU = Release|Any CPU
	EndGlobalSection
	GlobalSection(ProjectConfigurationPlatforms) = postSolution
		{D93FEDD2-43E1-4EB7-8043-E40E81D7182C}.Debug|Any CPU.ActiveCfg = Debug|Any CPU
		{D93FEDD2-43E1-4EB7-8043-E40E81D7182C}.Debug|Any CPU.Build.0 = Debug|Any CPU
		{D93FEDD2-43E1-4EB7-8043-E40E81D7182C}.Release|Any CPU.ActiveCfg = Release|Any CPU
		{D93FEDD2-43E1-4EB7-8043-E40E81D7182C}.Release|Any CPU.Build.0 = Release|Any CPU
	EndGlobalSection
	GlobalSection(SolutionProperties) = preSolution
		HideSolutionNode = FALSE
	EndGlobalSection
	GlobalSection(ExtensibilityGlobals) = postSolution
		SolutionGuid = {C21DFF16-AD2E-4C0B-9448-1EA0D27A107D}
	EndGlobalSection
EndGlobal
