
Microsoft Visual Studio Solution File, Format Version 12.00
# Visual Studio Version 17
VisualStudioVersion = 17.6.33829.357
MinimumVisualStudioVersion = 10.0.40219.1
Project("{8BC9CEB8-8B4A-11D0-8D11-00A0C91BC942}") = "Problema 1008 - C++", "Problema 1008 - C++.vcxproj", "{A9EE2C30-51D8-4504-8B27-CBCDD122898B}"
EndProject
Global
	GlobalSection(SolutionConfigurationPlatforms) = preSolution
		Debug|x64 = Debug|x64
		Debug|x86 = Debug|x86
		Release|x64 = Release|x64
		Release|x86 = Release|x86
	EndGlobalSection
	GlobalSection(ProjectConfigurationPlatforms) = postSolution
		{A9EE2C30-51D8-4504-8B27-CBCDD122898B}.Debug|x64.ActiveCfg = Debug|x64
		{A9EE2C30-51D8-4504-8B27-CBCDD122898B}.Debug|x64.Build.0 = Debug|x64
		{A9EE2C30-51D8-4504-8B27-CBCDD122898B}.Debug|x86.ActiveCfg = Debug|Win32
		{A9EE2C30-51D8-4504-8B27-CBCDD122898B}.Debug|x86.Build.0 = Debug|Win32
		{A9EE2C30-51D8-4504-8B27-CBCDD122898B}.Release|x64.ActiveCfg = Release|x64
		{A9EE2C30-51D8-4504-8B27-CBCDD122898B}.Release|x64.Build.0 = Release|x64
		{A9EE2C30-51D8-4504-8B27-CBCDD122898B}.Release|x86.ActiveCfg = Release|Win32
		{A9EE2C30-51D8-4504-8B27-CBCDD122898B}.Release|x86.Build.0 = Release|Win32
	EndGlobalSection
	GlobalSection(SolutionProperties) = preSolution
		HideSolutionNode = FALSE
	EndGlobalSection
	GlobalSection(ExtensibilityGlobals) = postSolution
		SolutionGuid = {D87419F7-FAAB-4245-8194-E98FC37E1CB8}
	EndGlobalSection
EndGlobal
