
Microsoft Visual Studio Solution File, Format Version 12.00
# Visual Studio Version 17
VisualStudioVersion = 17.2.32630.192
MinimumVisualStudioVersion = 10.0.40219.1
Project("{FAE04EC0-301F-11D3-BF4B-00C04F79EFBC}") = "LeetCode - 66. Plus One", "LeetCode - 66. Plus One.csproj", "{8F9F3031-50EE-4C9C-A68A-9838C3285ED6}"
EndProject
Global
	GlobalSection(SolutionConfigurationPlatforms) = preSolution
		Debug|Any CPU = Debug|Any CPU
		Release|Any CPU = Release|Any CPU
	EndGlobalSection
	GlobalSection(ProjectConfigurationPlatforms) = postSolution
		{8F9F3031-50EE-4C9C-A68A-9838C3285ED6}.Debug|Any CPU.ActiveCfg = Debug|Any CPU
		{8F9F3031-50EE-4C9C-A68A-9838C3285ED6}.Debug|Any CPU.Build.0 = Debug|Any CPU
		{8F9F3031-50EE-4C9C-A68A-9838C3285ED6}.Release|Any CPU.ActiveCfg = Release|Any CPU
		{8F9F3031-50EE-4C9C-A68A-9838C3285ED6}.Release|Any CPU.Build.0 = Release|Any CPU
	EndGlobalSection
	GlobalSection(SolutionProperties) = preSolution
		HideSolutionNode = FALSE
	EndGlobalSection
	GlobalSection(ExtensibilityGlobals) = postSolution
		SolutionGuid = {D96CE8E9-4683-46A9-964B-79F36263F91E}
	EndGlobalSection
EndGlobal
