
Microsoft Visual Studio Solution File, Format Version 12.00
# Visual Studio Version 17
VisualStudioVersion = 17.4.33122.133
MinimumVisualStudioVersion = 10.0.40219.1
Project("{FAE04EC0-301F-11D3-BF4B-00C04F79EFBC}") = "Leet Code - Remove duplicate from sorted Array", "Leet Code - Remove duplicate from sorted Array.csproj", "{8401C848-1F3D-4A99-AAF7-BC1673726D0D}"
EndProject
Global
	GlobalSection(SolutionConfigurationPlatforms) = preSolution
		Debug|Any CPU = Debug|Any CPU
		Release|Any CPU = Release|Any CPU
	EndGlobalSection
	GlobalSection(ProjectConfigurationPlatforms) = postSolution
		{8401C848-1F3D-4A99-AAF7-BC1673726D0D}.Debug|Any CPU.ActiveCfg = Debug|Any CPU
		{8401C848-1F3D-4A99-AAF7-BC1673726D0D}.Debug|Any CPU.Build.0 = Debug|Any CPU
		{8401C848-1F3D-4A99-AAF7-BC1673726D0D}.Release|Any CPU.ActiveCfg = Release|Any CPU
		{8401C848-1F3D-4A99-AAF7-BC1673726D0D}.Release|Any CPU.Build.0 = Release|Any CPU
	EndGlobalSection
	GlobalSection(SolutionProperties) = preSolution
		HideSolutionNode = FALSE
	EndGlobalSection
	GlobalSection(ExtensibilityGlobals) = postSolution
		SolutionGuid = {405518E0-4635-4A08-934B-BC0070D1A51F}
	EndGlobalSection
EndGlobal
