
Microsoft Visual Studio Solution File, Format Version 12.00
# Visual Studio Version 17
VisualStudioVersion = 17.2.32630.192
MinimumVisualStudioVersion = 10.0.40219.1
Project("{FAE04EC0-301F-11D3-BF4B-00C04F79EFBC}") = "CodeWars - Are You Playing Banjo", "CodeWars - Are You Playing Banjo.csproj", "{2FC9BD8A-5ECE-4804-996F-441426F81937}"
EndProject
Global
	GlobalSection(SolutionConfigurationPlatforms) = preSolution
		Debug|Any CPU = Debug|Any CPU
		Release|Any CPU = Release|Any CPU
	EndGlobalSection
	GlobalSection(ProjectConfigurationPlatforms) = postSolution
		{2FC9BD8A-5ECE-4804-996F-441426F81937}.Debug|Any CPU.ActiveCfg = Debug|Any CPU
		{2FC9BD8A-5ECE-4804-996F-441426F81937}.Debug|Any CPU.Build.0 = Debug|Any CPU
		{2FC9BD8A-5ECE-4804-996F-441426F81937}.Release|Any CPU.ActiveCfg = Release|Any CPU
		{2FC9BD8A-5ECE-4804-996F-441426F81937}.Release|Any CPU.Build.0 = Release|Any CPU
	EndGlobalSection
	GlobalSection(SolutionProperties) = preSolution
		HideSolutionNode = FALSE
	EndGlobalSection
	GlobalSection(ExtensibilityGlobals) = postSolution
		SolutionGuid = {C67AF0EF-02A3-4FFB-8011-EA189D5844B1}
	EndGlobalSection
EndGlobal
