
Microsoft Visual Studio Solution File, Format Version 12.00
# Visual Studio Version 17
VisualStudioVersion = 17.2.32630.192
MinimumVisualStudioVersion = 10.0.40219.1
Project("{FAE04EC0-301F-11D3-BF4B-00C04F79EFBC}") = "Problema 2762-2", "Problema 2762-2.csproj", "{B8BF7CA0-E5EC-4F6D-8FDC-6BE607FDC773}"
EndProject
Global
	GlobalSection(SolutionConfigurationPlatforms) = preSolution
		Debug|Any CPU = Debug|Any CPU
		Release|Any CPU = Release|Any CPU
	EndGlobalSection
	GlobalSection(ProjectConfigurationPlatforms) = postSolution
		{B8BF7CA0-E5EC-4F6D-8FDC-6BE607FDC773}.Debug|Any CPU.ActiveCfg = Debug|Any CPU
		{B8BF7CA0-E5EC-4F6D-8FDC-6BE607FDC773}.Debug|Any CPU.Build.0 = Debug|Any CPU
		{B8BF7CA0-E5EC-4F6D-8FDC-6BE607FDC773}.Release|Any CPU.ActiveCfg = Release|Any CPU
		{B8BF7CA0-E5EC-4F6D-8FDC-6BE607FDC773}.Release|Any CPU.Build.0 = Release|Any CPU
	EndGlobalSection
	GlobalSection(SolutionProperties) = preSolution
		HideSolutionNode = FALSE
	EndGlobalSection
	GlobalSection(ExtensibilityGlobals) = postSolution
		SolutionGuid = {F3E056E0-A45B-47DB-B021-B13A4F6B52EC}
	EndGlobalSection
EndGlobal
