
Microsoft Visual Studio Solution File, Format Version 12.00
# Visual Studio Version 17
VisualStudioVersion = 17.2.32630.192
MinimumVisualStudioVersion = 10.0.40219.1
Project("{FAE04EC0-301F-11D3-BF4B-00C04F79EFBC}") = "Problema 1036 - 2", "Problema 1036 - 2.csproj", "{F75642A4-4ACC-4893-A8F6-A54092C28E4E}"
EndProject
Global
	GlobalSection(SolutionConfigurationPlatforms) = preSolution
		Debug|Any CPU = Debug|Any CPU
		Release|Any CPU = Release|Any CPU
	EndGlobalSection
	GlobalSection(ProjectConfigurationPlatforms) = postSolution
		{F75642A4-4ACC-4893-A8F6-A54092C28E4E}.Debug|Any CPU.ActiveCfg = Debug|Any CPU
		{F75642A4-4ACC-4893-A8F6-A54092C28E4E}.Debug|Any CPU.Build.0 = Debug|Any CPU
		{F75642A4-4ACC-4893-A8F6-A54092C28E4E}.Release|Any CPU.ActiveCfg = Release|Any CPU
		{F75642A4-4ACC-4893-A8F6-A54092C28E4E}.Release|Any CPU.Build.0 = Release|Any CPU
	EndGlobalSection
	GlobalSection(SolutionProperties) = preSolution
		HideSolutionNode = FALSE
	EndGlobalSection
	GlobalSection(ExtensibilityGlobals) = postSolution
		SolutionGuid = {24CA4128-ABDC-4A6C-A7E5-5CD54385A476}
	EndGlobalSection
EndGlobal
